
Microsoft Visual Studio Solution File, Format Version 12.00
# Visual Studio Version 16
VisualStudioVersion = 16.0.30204.135
MinimumVisualStudioVersion = 10.0.40219.1
Project("{9A19103F-16F7-4668-BE54-9A1E7A4F7556}") = "TodoApi", "TodoApi.csproj", "{77B9D6D9-D6CB-4C21-91C9-D5305BE41C87}"
EndProject
Global
	GlobalSection(SolutionConfigurationPlatforms) = preSolution
		Debug|Any CPU = Debug|Any CPU
		Release|Any CPU = Release|Any CPU
	EndGlobalSection
	GlobalSection(ProjectConfigurationPlatforms) = postSolution
		{77B9D6D9-D6CB-4C21-91C9-D5305BE41C87}.Debug|Any CPU.ActiveCfg = Debug|Any CPU
		{77B9D6D9-D6CB-4C21-91C9-D5305BE41C87}.Debug|Any CPU.Build.0 = Debug|Any CPU
		{77B9D6D9-D6CB-4C21-91C9-D5305BE41C87}.Release|Any CPU.ActiveCfg = Release|Any CPU
		{77B9D6D9-D6CB-4C21-91C9-D5305BE41C87}.Release|Any CPU.Build.0 = Release|Any CPU
	EndGlobalSection
	GlobalSection(SolutionProperties) = preSolution
		HideSolutionNode = FALSE
	EndGlobalSection
	GlobalSection(ExtensibilityGlobals) = postSolution
		SolutionGuid = {125150B0-1160-4841-8DA7-D520826671F7}
	EndGlobalSection
EndGlobal
